
Microsoft Visual Studio Solution File, Format Version 12.00
# Visual Studio Version 17
VisualStudioVersion = 17.14.36127.28
MinimumVisualStudioVersion = 10.0.40219.1
Project("{FAE04EC0-301F-11D3-BF4B-00C04F79EFBC}") = "WinFormsApp1", "WinFormsApp1\WinFormsApp1.csproj", "{A8819300-4173-4240-A5E7-A5B10BCAAD7C}"
EndProject
Global
	GlobalSection(SolutionConfigurationPlatforms) = preSolution
		Debug|Any CPU = Debug|Any CPU
		Release|Any CPU = Release|Any CPU
	EndGlobalSection
	GlobalSection(ProjectConfigurationPlatforms) = postSolution
		{A8819300-4173-4240-A5E7-A5B10BCAAD7C}.Debug|Any CPU.ActiveCfg = Debug|Any CPU
		{A8819300-4173-4240-A5E7-A5B10BCAAD7C}.Debug|Any CPU.Build.0 = Debug|Any CPU
		{A8819300-4173-4240-A5E7-A5B10BCAAD7C}.Release|Any CPU.ActiveCfg = Release|Any CPU
		{A8819300-4173-4240-A5E7-A5B10BCAAD7C}.Release|Any CPU.Build.0 = Release|Any CPU
	EndGlobalSection
	GlobalSection(SolutionProperties) = preSolution
		HideSolutionNode = FALSE
	EndGlobalSection
	GlobalSection(ExtensibilityGlobals) = postSolution
		SolutionGuid = {4B6422F2-D174-458B-BBD1-69FB35F4A119}
	EndGlobalSection
EndGlobal
